
Microsoft Visual Studio Solution File, Format Version 12.00
# Visual Studio 15
VisualStudioVersion = 15.0.28307.705
MinimumVisualStudioVersion = 10.0.40219.1
Project("{FAE04EC0-301F-11D3-BF4B-00C04F79EFBC}") = "STXtoSQL_Bookings_NET", "STXtoSQL_Bookings_NET\STXtoSQL_Bookings_NET.csproj", "{DFB57D1C-5ACF-46A1-BCEA-966FDE64BD30}"
EndProject
Global
	GlobalSection(SolutionConfigurationPlatforms) = preSolution
		Debug|Any CPU = Debug|Any CPU
		Release|Any CPU = Release|Any CPU
	EndGlobalSection
	GlobalSection(ProjectConfigurationPlatforms) = postSolution
		{DFB57D1C-5ACF-46A1-BCEA-966FDE64BD30}.Debug|Any CPU.ActiveCfg = Debug|Any CPU
		{DFB57D1C-5ACF-46A1-BCEA-966FDE64BD30}.Debug|Any CPU.Build.0 = Debug|Any CPU
		{DFB57D1C-5ACF-46A1-BCEA-966FDE64BD30}.Release|Any CPU.ActiveCfg = Release|Any CPU
		{DFB57D1C-5ACF-46A1-BCEA-966FDE64BD30}.Release|Any CPU.Build.0 = Release|Any CPU
	EndGlobalSection
	GlobalSection(SolutionProperties) = preSolution
		HideSolutionNode = FALSE
	EndGlobalSection
	GlobalSection(ExtensibilityGlobals) = postSolution
		SolutionGuid = {70B070FA-51E4-48CD-90CB-AAB3E909153C}
	EndGlobalSection
EndGlobal
